// !$*UTF8*$!
{
	archiveVersion = 1;
	classes = {
	};
	objectVersion = 46;
	objects = {

/* Begin PBXBuildFile section */
		FA3D6AEF1D76048C00813451 /* AppDelegate.swift in Sources */ = {isa = PBXBuildFile; fileRef = FA3D6AEE1D76048C00813451 /* AppDelegate.swift */; };
		FA3D6AF11D76048C00813451 /* ViewController.swift in Sources */ = {isa = PBXBuildFile; fileRef = FA3D6AF01D76048C00813451 /* ViewController.swift */; };
		FA3D6AF41D76048C00813451 /* Main.storyboard in Resources */ = {isa = PBXBuildFile; fileRef = FA3D6AF21D76048C00813451 /* Main.storyboard */; };
		FA3D6AF61D76048C00813451 /* Assets.xcassets in Resources */ = {isa = PBXBuildFile; fileRef = FA3D6AF51D76048C00813451 /* Assets.xcassets */; };
		FA3D6AF91D76048C00813451 /* LaunchScreen.storyboard in Resources */ = {isa = PBXBuildFile; fileRef = FA3D6AF71D76048C00813451 /* LaunchScreen.storyboard */; };
		FA3D6B011D760D1900813451 /* ViewController.swift in Sources */ = {isa = PBXBuildFile; fileRef = FA3D6B001D760D1900813451 /* ViewController.swift */; };
/* End PBXBuildFile section */

/* Begin PBXFileReference section */
		FA3D6AEB1D76048C00813451 /* Cats.app */ = {isa = PBXFileReference; explicitFileType = wrapper.application; includeInIndex = 0; path = Cats.app; sourceTree = BUILT_PRODUCTS_DIR; };
		FA3D6AEE1D76048C00813451 /* AppDelegate.swift */ = {isa = PBXFileReference; lastKnownFileType = sourcecode.swift; path = AppDelegate.swift; sourceTree = "<group>"; };
		FA3D6AF01D76048C00813451 /* ViewController.swift */ = {isa = PBXFileReference; lastKnownFileType = sourcecode.swift; path = ViewController.swift; sourceTree = "<group>"; };
		FA3D6AF31D76048C00813451 /* Base */ = {isa = PBXFileReference; lastKnownFileType = file.storyboard; name = Base; path = Base.lproj/Main.storyboard; sourceTree = "<group>"; };
		FA3D6AF51D76048C00813451 /* Assets.xcassets */ = {isa = PBXFileReference; lastKnownFileType = folder.assetcatalog; path = Assets.xcassets; sourceTree = "<group>"; };
		FA3D6AF81D76048C00813451 /* Base */ = {isa = PBXFileReference; lastKnownFileType = file.storyboard; name = Base; path = Base.lproj/LaunchScreen.storyboard; sourceTree = "<group>"; };
		FA3D6AFA1D76048C00813451 /* Info.plist */ = {isa = PBXFileReference; lastKnownFileType = text.plist.xml; path = Info.plist; sourceTree = "<group>"; };
		FA3D6B001D760D1900813451 /* ViewController.swift */ = {isa = PBXFileReference; fileEncoding = 4; lastKnownFileType = sourcecode.swift; name = ViewController.swift; path = Cats/ViewController.swift; sourceTree = "<group>"; };
/* End PBXFileReference section */

/* Begin PBXFrameworksBuildPhase section */
		FA3D6AE81D76048C00813451 /* Frameworks */ = {
			isa = PBXFrameworksBuildPhase;
			buildActionMask = 2147483647;
			files = (
			);
			runOnlyForDeploymentPostprocessing = 0;
		};
/* End PBXFrameworksBuildPhase section */

/* Begin PBXGroup section */
		FA3D6AE21D76048C00813451 = {
			isa = PBXGroup;
			children = (
				FA3D6B001D760D1900813451 /* ViewController.swift */,
				FA3D6AED1D76048C00813451 /* Cats */,
				FA3D6AEC1D76048C00813451 /* Products */,
			);
			sourceTree = "<group>";
		};
		FA3D6AEC1D76048C00813451 /* Products */ = {
			isa = PBXGroup;
			children = (
				FA3D6AEB1D76048C00813451 /* Cats.app */,
			);
			name = Products;
			sourceTree = "<group>";
		};
		FA3D6AED1D76048C00813451 /* Cats */ = {
			isa = PBXGroup;
			children = (
				FA3D6AEE1D76048C00813451 /* AppDelegate.swift */,
				FA3D6AF01D76048C00813451 /* ViewController.swift */,
				FA3D6AF21D76048C00813451 /* Main.storyboard */,
				FA3D6AF51D76048C00813451 /* Assets.xcassets */,
				FA3D6AF71D76048C00813451 /* LaunchScreen.storyboard */,
				FA3D6AFA1D76048C00813451 /* Info.plist */,
			);
			path = Cats;
			sourceTree = "<group>";
		};
/* End PBXGroup section */

/* Begin PBXNativeTarget section */
		FA3D6AEA1D76048C00813451 /* Cats */ = {
			isa = PBXNativeTarget;
			buildConfigurationList = FA3D6AFD1D76048C00813451 /* Build configuration list for PBXNativeTarget "Cats" */;
			buildPhases = (
				FA3D6AE71D76048C00813451 /* Sources */,
				FA3D6AE81D76048C00813451 /* Frameworks */,
				FA3D6AE91D76048C00813451 /* Resources */,
			);
			buildRules = (
			);
			dependencies = (
			);
			name = Cats;
			productName = Cats;
			productReference = FA3D6AEB1D76048C00813451 /* Cats.app */;
			productType = "com.apple.product-type.application";
		};
/* End PBXNativeTarget section */

/* Begin PBXProject section */
		FA3D6AE31D76048C00813451 /* Project object */ = {
			isa = PBXProject;
			attributes = {
				LastSwiftUpdateCheck = 0730;
				LastUpgradeCheck = 0730;
				ORGANIZATIONNAME = "Emma Wu";
				TargetAttributes = {
					FA3D6AEA1D76048C00813451 = {
						CreatedOnToolsVersion = 7.3.1;
					};
				};
			};
			buildConfigurationList = FA3D6AE61D76048C00813451 /* Build configuration list for PBXProject "Cats" */;
			compatibilityVersion = "Xcode 3.2";
			developmentRegion = English;
			hasScannedForEncodings = 0;
			knownRegions = (
				en,
				Base,
			);
			mainGroup = FA3D6AE21D76048C00813451;
			productRefGroup = FA3D6AEC1D76048C00813451 /* Products */;
			projectDirPath = "";
			projectRoot = "";
			targets = (
				FA3D6AEA1D76048C00813451 /* Cats */,
			);
		};
/* End PBXProject section */

/* Begin PBXResourcesBuildPhase section */
		FA3D6AE91D76048C00813451 /* Resources */ = {
			isa = PBXResourcesBuildPhase;
			buildActionMask = 2147483647;
			files = (
				FA3D6AF91D76048C00813451 /* LaunchScreen.storyboard in Resources */,
				FA3D6AF61D76048C00813451 /* Assets.xcassets in Resources */,
				FA3D6AF41D76048C00813451 /* Main.storyboard in Resources */,
			);
			runOnlyForDeploymentPostprocessing = 0;
		};
/* End PBXResourcesBuildPhase section */

/* Begin PBXSourcesBuildPhase section */
		FA3D6AE71D76048C00813451 /* Sources */ = {
			isa = PBXSourcesBuildPhase;
			buildActionMask = 2147483647;
			files = (
				FA3D6B011D760D1900813451 /* ViewController.swift in Sources */,
				FA3D6AF11D76048C00813451 /* ViewController.swift in Sources */,
				FA3D6AEF1D76048C00813451 /* AppDelegate.swift in Sources */,
			);
			runOnlyForDeploymentPostprocessing = 0;
		};
/* End PBXSourcesBuildPhase section */

/* Begin PBXVariantGroup section */
		FA3D6AF21D76048C00813451 /* Main.storyboard */ = {
			isa = PBXVariantGroup;
			children = (
				FA3D6AF31D76048C00813451 /* Base */,
			);
			name = Main.storyboard;
			sourceTree = "<group>";
		};
		FA3D6AF71D76048C00813451 /* LaunchScreen.storyboard */ = {
			isa = PBXVariantGroup;
			children = (
				FA3D6AF81D76048C00813451 /* Base */,
			);
			name = LaunchScreen.storyboard;
			sourceTree = "<group>";
		};
/* End PBXVariantGroup section */

/* Begin XCBuildConfiguration section */
		FA3D6AFB1D76048C00813451 /* Debug */ = {
			isa = XCBuildConfiguration;
			buildSettings = {
				ALWAYS_SEARCH_USER_PATHS = NO;
				CLANG_ANALYZER_NONNULL = YES;
				CLANG_CXX_LANGUAGE_STANDARD = "gnu++0x";
				CLANG_CXX_LIBRARY = "libc++";
				CLANG_ENABLE_MODULES = YES;
				CLANG_ENABLE_OBJC_ARC = YES;
				CLANG_WARN_BOOL_CONVERSION = YES;
				CLANG_WARN_CONSTANT_CONVERSION = YES;
				CLANG_WARN_DIRECT_OBJC_ISA_USAGE = YES_ERROR;
				CLANG_WARN_EMPTY_BODY = YES;
				CLANG_WARN_ENUM_CONVERSION = YES;
				CLANG_WARN_INT_CONVERSION = YES;
				CLANG_WARN_OBJC_ROOT_CLASS = YES_ERROR;
				CLANG_WARN_UNREACHABLE_CODE = YES;
				CLANG_WARN__DUPLICATE_METHOD_MATCH = YES;
				"CODE_SIGN_IDENTITY[sdk=iphoneos*]" = "iPhone Developer";
				COPY_PHASE_STRIP = NO;
				DEBUG_INFORMATION_FORMAT = dwarf;
				ENABLE_STRICT_OBJC_MSGSEND = YES;
				ENABLE_TESTABILITY = YES;
				GCC_C_LANGUAGE_STANDARD = gnu99;
				GCC_DYNAMIC_NO_PIC = NO;
				GCC_NO_COMMON_BLOCKS = YES;
				GCC_OPTIMIZATION_LEVEL = 0;
				GCC_PREPROCESSOR_DEFINITIONS = (
					"DEBUG=1",
					"$(inherited)",
				);
				GCC_WARN_64_TO_32_BIT_CONVERSION = YES;
				GCC_WARN_ABOUT_RETURN_TYPE = YES_ERROR;
				GCC_WARN_UNDECLARED_SELECTOR = YES;
				GCC_WARN_UNINITIALIZED_AUTOS = YES_AGGRESSIVE;
				GCC_WARN_UNUSED_FUNCTION = YES;
				GCC_WARN_UNUSED_VARIABLE = YES;
				IPHONEOS_DEPLOYMENT_TARGET = 9.3;
				MTL_ENABLE_DEBUG_INFO = YES;
				ONLY_ACTIVE_ARCH = YES;
				SDKROOT = iphoneos;
				SWIFT_OPTIMIZATION_LEVEL = "-Onone";
				TARGETED_DEVICE_FAMILY = 2;
			};
			name = Debug;
		};
		FA3D6AFC1D76048C00813451 /* Release */ = {
			isa = XCBuildConfiguration;
			buildSettings = {
				ALWAYS_SEARCH_USER_PATHS = NO;
				CLANG_ANALYZER_NONNULL = YES;
				CLANG_CXX_LANGUAGE_STANDARD = "gnu++0x";
				CLANG_CXX_LIBRARY = "libc++";
				CLANG_ENABLE_MODULES = YES;
				CLANG_ENABLE_OBJC_ARC = YES;
				CLANG_WARN_BOOL_CONVERSION = YES;
				CLANG_WARN_CONSTANT_CONVERSION = YES;
				CLANG_WARN_DIRECT_OBJC_ISA_USAGE = YES_ERROR;
				CLANG_WARN_EMPTY_BODY = YES;
				CLANG_WARN_ENUM_CONVERSION = YES;
				CLANG_WARN_INT_CONVERSION = YES;
				CLANG_WARN_OBJC_ROOT_CLASS = YES_ERROR;
				CLANG_WARN_UNREACHABLE_CODE = YES;
				CLANG_WARN__DUPLICATE_METHOD_MATCH = YES;
				"CODE_SIGN_IDENTITY[sdk=iphoneos*]" = "iPhone Developer";
				COPY_PHASE_STRIP = NO;
				DEBUG_INFORMATION_FORMAT = "dwarf-with-dsym";
				ENABLE_NS_ASSERTIONS = NO;
				ENABLE_STRICT_OBJC_MSGSEND = YES;
				GCC_C_LANGUAGE_STANDARD = gnu99;
				GCC_NO_COMMON_BLOCKS = YES;
				GCC_WARN_64_TO_32_BIT_CONVERSION = YES;
				GCC_WARN_ABOUT_RETURN_TYPE = YES_ERROR;
				GCC_WARN_UNDECLARED_SELECTOR = YES;
				GCC_WARN_UNINITIALIZED_AUTOS = YES_AGGRESSIVE;
				GCC_WARN_UNUSED_FUNCTION = YES;
				GCC_WARN_UNUSED_VARIABLE = YES;
				IPHONEOS_DEPLOYMENT_TARGET = 9.3;
				MTL_ENABLE_DEBUG_INFO = NO;
				SDKROOT = iphoneos;
				TARGETED_DEVICE_FAMILY = 2;
				VALIDATE_PRODUCT = YES;
			};
			name = Release;
		};
		FA3D6AFE1D76048C00813451 /* Debug */ = {
			isa = XCBuildConfiguration;
			buildSettings = {
				ASSETCATALOG_COMPILER_APPICON_NAME = AppIcon;
				INFOPLIST_FILE = Cats/Info.plist;
				LD_RUNPATH_SEARCH_PATHS = "$(inherited) @executable_path/Frameworks";
				PRODUCT_BUNDLE_IDENTIFIER = ATLAS.Cats;
				PRODUCT_NAME = "$(TARGET_NAME)";
			};
			name = Debug;
		};
		FA3D6AFF1D76048C00813451 /* Release */ = {
			isa = XCBuildConfiguration;
			buildSettings = {
				ASSETCATALOG_COMPILER_APPICON_NAME = AppIcon;
				INFOPLIST_FILE = Cats/Info.plist;
				LD_RUNPATH_SEARCH_PATHS = "$(inherited) @executable_path/Frameworks";
				PRODUCT_BUNDLE_IDENTIFIER = ATLAS.Cats;
				PRODUCT_NAME = "$(TARGET_NAME)";
			};
			name = Release;
		};
/* End XCBuildConfiguration section */

/* Begin XCConfigurationList section */
		FA3D6AE61D76048C00813451 /* Build configuration list for PBXProject "Cats" */ = {
			isa = XCConfigurationList;
			buildConfigurations = (
				FA3D6AFB1D76048C00813451 /* Debug */,
				FA3D6AFC1D76048C00813451 /* Release */,
			);
			defaultConfigurationIsVisible = 0;
			defaultConfigurationName = Release;
		};
		FA3D6AFD1D76048C00813451 /* Build configuration list for PBXNativeTarget "Cats" */ = {
			isa = XCConfigurationList;
			buildConfigurations = (
				FA3D6AFE1D76048C00813451 /* Debug */,
				FA3D6AFF1D76048C00813451 /* Release */,
			);
			defaultConfigurationIsVisible = 0;
		};
/* End XCConfigurationList section */
	};
	rootObject = FA3D6AE31D76048C00813451 /* Project object */;
}
